
Microsoft Visual Studio Solution File, Format Version 12.00
Project("{2150E333-8FDC-42A3-9474-1A3956D46DE8}") = "src", "src", "{8198A5F6-B4CA-497C-BBE1-CBBA95FB3423}"
EndProject
Project("{2150E333-8FDC-42A3-9474-1A3956D46DE8}") = "Database", "Database", "{481C038A-474E-451A-8951-D23CCA56DBD5}"
EndProject
Project("{2150E333-8FDC-42A3-9474-1A3956D46DE8}") = "Monolith", "Monolith", "{1FEBE45B-E159-4DCB-8E08-5A2A8D12A84E}"
EndProject
Project("{2150E333-8FDC-42A3-9474-1A3956D46DE8}") = "Microservices", "Microservices", "{78E38CAC-F73A-4FF3-8842-FB9533A6460B}"
EndProject
Project("{2150E333-8FDC-42A3-9474-1A3956D46DE8}") = "Solution.Items", "Solution.Items", "{46DC70FD-E8FF-4AB2-ADFA-A04360D176F1}"
	ProjectSection(SolutionItems) = preProject
		Demos.sln = Demos.sln
		README.md = README.md
		.gitignore = .gitignore
		global.json = global.json
	EndProjectSection
EndProject
Project("{2150E333-8FDC-42A3-9474-1A3956D46DE8}") = "docs", "docs", "{142A2E19-8CE2-42D9-834C-4E9E92777AEF}"
EndProject
Project("{2150E333-8FDC-42A3-9474-1A3956D46DE8}") = "WebApp", "WebApp", "{88AE623D-3938-4E54-9FED-8325922C9F5E}"
EndProject
Project("{FAE04EC0-301F-11D3-BF4B-00C04F79EFBC}") = "Demos.WebApp.Blazor", "src\WebApp\Demos.WebApp.Blazor\Demos.WebApp.Blazor.csproj", "{BDD5B16B-5350-42CE-9F8A-8A3D23A5CE0F}"
EndProject
Project("{FAE04EC0-301F-11D3-BF4B-00C04F79EFBC}") = "Demos.WebApp.WebAPI", "src\WebApp\Demos.WebApp.WebAPI\Demos.WebApp.WebAPI.csproj", "{381C3B0E-022B-4F12-83C0-E5602BE48B0A}"
EndProject
Project("{FAE04EC0-301F-11D3-BF4B-00C04F79EFBC}") = "Demos.WebApp.MVC", "src\WebApp\Demos.WebApp.MVC\Demos.WebApp.MVC.csproj", "{03CDC7C1-FB09-4148-8ABC-D4B9F66271D7}"
EndProject
Project("{FAE04EC0-301F-11D3-BF4B-00C04F79EFBC}") = "Demos.WebApp.Razor", "src\WebApp\Demos.WebApp.Razor\Demos.WebApp.Razor.csproj", "{18213554-A5C8-42BF-98C4-698FC1EA8A34}"
EndProject
Project("{FAE04EC0-301F-11D3-BF4B-00C04F79EFBC}") = "Demos.Database.App", "src\Database\Demos.Database.App\Demos.Database.App.csproj", "{D037EC67-564A-4793-8A7C-E481EB568458}"
EndProject
Project("{FAE04EC0-301F-11D3-BF4B-00C04F79EFBC}") = "Demos.Database.App.Docker", "src\Database\Demos.Database.App.Docker\Demos.Database.App.Docker.csproj", "{1B977789-32DE-4C83-99A1-036E4D99F16D}"
EndProject
Project("{2150E333-8FDC-42A3-9474-1A3956D46DE8}") = "Framework", "Framework", "{2CA595EF-943C-4BC1-8009-053BD68CBEDF}"
EndProject
Project("{FAE04EC0-301F-11D3-BF4B-00C04F79EFBC}") = "Demos.Framework.Core", "src\Framework\Demos.Framework.Core\Demos.Framework.Core.csproj", "{9BCCE6BC-C39B-4716-848D-6515E94F5544}"
EndProject
Project("{FAE04EC0-301F-11D3-BF4B-00C04F79EFBC}") = "Demos.Database", "src\Database\Demos.Database\Demos.Database.csproj", "{9C654B23-6453-4BF1-8343-568D7D81E365}"
EndProject
Project("{2150E333-8FDC-42A3-9474-1A3956D46DE8}") = "compose", "compose", "{B509B062-5F35-4A22-A735-DB1C17893A84}"
	ProjectSection(SolutionItems) = preProject
		compose\compose-database-app.yml = compose\compose-database-app.yml
	EndProjectSection
EndProject
Global
	GlobalSection(SolutionConfigurationPlatforms) = preSolution
		Debug|Any CPU = Debug|Any CPU
		Release|Any CPU = Release|Any CPU
	EndGlobalSection
	GlobalSection(ProjectConfigurationPlatforms) = postSolution
		{BDD5B16B-5350-42CE-9F8A-8A3D23A5CE0F}.Debug|Any CPU.ActiveCfg = Debug|Any CPU
		{BDD5B16B-5350-42CE-9F8A-8A3D23A5CE0F}.Debug|Any CPU.Build.0 = Debug|Any CPU
		{BDD5B16B-5350-42CE-9F8A-8A3D23A5CE0F}.Release|Any CPU.ActiveCfg = Release|Any CPU
		{BDD5B16B-5350-42CE-9F8A-8A3D23A5CE0F}.Release|Any CPU.Build.0 = Release|Any CPU
		{381C3B0E-022B-4F12-83C0-E5602BE48B0A}.Debug|Any CPU.ActiveCfg = Debug|Any CPU
		{381C3B0E-022B-4F12-83C0-E5602BE48B0A}.Debug|Any CPU.Build.0 = Debug|Any CPU
		{381C3B0E-022B-4F12-83C0-E5602BE48B0A}.Release|Any CPU.ActiveCfg = Release|Any CPU
		{381C3B0E-022B-4F12-83C0-E5602BE48B0A}.Release|Any CPU.Build.0 = Release|Any CPU
		{03CDC7C1-FB09-4148-8ABC-D4B9F66271D7}.Debug|Any CPU.ActiveCfg = Debug|Any CPU
		{03CDC7C1-FB09-4148-8ABC-D4B9F66271D7}.Debug|Any CPU.Build.0 = Debug|Any CPU
		{03CDC7C1-FB09-4148-8ABC-D4B9F66271D7}.Release|Any CPU.ActiveCfg = Release|Any CPU
		{03CDC7C1-FB09-4148-8ABC-D4B9F66271D7}.Release|Any CPU.Build.0 = Release|Any CPU
		{18213554-A5C8-42BF-98C4-698FC1EA8A34}.Debug|Any CPU.ActiveCfg = Debug|Any CPU
		{18213554-A5C8-42BF-98C4-698FC1EA8A34}.Debug|Any CPU.Build.0 = Debug|Any CPU
		{18213554-A5C8-42BF-98C4-698FC1EA8A34}.Release|Any CPU.ActiveCfg = Release|Any CPU
		{18213554-A5C8-42BF-98C4-698FC1EA8A34}.Release|Any CPU.Build.0 = Release|Any CPU
		{D037EC67-564A-4793-8A7C-E481EB568458}.Debug|Any CPU.ActiveCfg = Debug|Any CPU
		{D037EC67-564A-4793-8A7C-E481EB568458}.Debug|Any CPU.Build.0 = Debug|Any CPU
		{D037EC67-564A-4793-8A7C-E481EB568458}.Release|Any CPU.ActiveCfg = Release|Any CPU
		{D037EC67-564A-4793-8A7C-E481EB568458}.Release|Any CPU.Build.0 = Release|Any CPU
		{1B977789-32DE-4C83-99A1-036E4D99F16D}.Debug|Any CPU.ActiveCfg = Debug|Any CPU
		{1B977789-32DE-4C83-99A1-036E4D99F16D}.Debug|Any CPU.Build.0 = Debug|Any CPU
		{1B977789-32DE-4C83-99A1-036E4D99F16D}.Release|Any CPU.ActiveCfg = Release|Any CPU
		{1B977789-32DE-4C83-99A1-036E4D99F16D}.Release|Any CPU.Build.0 = Release|Any CPU
		{9BCCE6BC-C39B-4716-848D-6515E94F5544}.Debug|Any CPU.ActiveCfg = Debug|Any CPU
		{9BCCE6BC-C39B-4716-848D-6515E94F5544}.Debug|Any CPU.Build.0 = Debug|Any CPU
		{9BCCE6BC-C39B-4716-848D-6515E94F5544}.Release|Any CPU.ActiveCfg = Release|Any CPU
		{9BCCE6BC-C39B-4716-848D-6515E94F5544}.Release|Any CPU.Build.0 = Release|Any CPU
		{9C654B23-6453-4BF1-8343-568D7D81E365}.Debug|Any CPU.ActiveCfg = Debug|Any CPU
		{9C654B23-6453-4BF1-8343-568D7D81E365}.Debug|Any CPU.Build.0 = Debug|Any CPU
		{9C654B23-6453-4BF1-8343-568D7D81E365}.Release|Any CPU.ActiveCfg = Release|Any CPU
		{9C654B23-6453-4BF1-8343-568D7D81E365}.Release|Any CPU.Build.0 = Release|Any CPU
	EndGlobalSection
	GlobalSection(NestedProjects) = preSolution
		{481C038A-474E-451A-8951-D23CCA56DBD5} = {8198A5F6-B4CA-497C-BBE1-CBBA95FB3423}
		{1FEBE45B-E159-4DCB-8E08-5A2A8D12A84E} = {8198A5F6-B4CA-497C-BBE1-CBBA95FB3423}
		{78E38CAC-F73A-4FF3-8842-FB9533A6460B} = {8198A5F6-B4CA-497C-BBE1-CBBA95FB3423}
		{88AE623D-3938-4E54-9FED-8325922C9F5E} = {8198A5F6-B4CA-497C-BBE1-CBBA95FB3423}
		{BDD5B16B-5350-42CE-9F8A-8A3D23A5CE0F} = {88AE623D-3938-4E54-9FED-8325922C9F5E}
		{381C3B0E-022B-4F12-83C0-E5602BE48B0A} = {88AE623D-3938-4E54-9FED-8325922C9F5E}
		{03CDC7C1-FB09-4148-8ABC-D4B9F66271D7} = {88AE623D-3938-4E54-9FED-8325922C9F5E}
		{18213554-A5C8-42BF-98C4-698FC1EA8A34} = {88AE623D-3938-4E54-9FED-8325922C9F5E}
		{D037EC67-564A-4793-8A7C-E481EB568458} = {481C038A-474E-451A-8951-D23CCA56DBD5}
		{1B977789-32DE-4C83-99A1-036E4D99F16D} = {481C038A-474E-451A-8951-D23CCA56DBD5}
		{2CA595EF-943C-4BC1-8009-053BD68CBEDF} = {8198A5F6-B4CA-497C-BBE1-CBBA95FB3423}
		{9BCCE6BC-C39B-4716-848D-6515E94F5544} = {2CA595EF-943C-4BC1-8009-053BD68CBEDF}
		{9C654B23-6453-4BF1-8343-568D7D81E365} = {481C038A-474E-451A-8951-D23CCA56DBD5}
	EndGlobalSection
EndGlobal
